
Microsoft Visual Studio Solution File, Format Version 12.00
# Visual Studio Version 17
VisualStudioVersion = 17.6.33829.357
MinimumVisualStudioVersion = 10.0.40219.1
Project("{FAE04EC0-301F-11D3-BF4B-00C04F79EFBC}") = "PersonalBlog", "PersonalBlog.csproj", "{E7B4A10D-C028-4F05-8FD0-E30E9129E54E}"
EndProject
Global
	GlobalSection(SolutionConfigurationPlatforms) = preSolution
		Debug|Any CPU = Debug|Any CPU
		Release|Any CPU = Release|Any CPU
	EndGlobalSection
	GlobalSection(ProjectConfigurationPlatforms) = postSolution
		{E7B4A10D-C028-4F05-8FD0-E30E9129E54E}.Debug|Any CPU.ActiveCfg = Debug|Any CPU
		{E7B4A10D-C028-4F05-8FD0-E30E9129E54E}.Debug|Any CPU.Build.0 = Debug|Any CPU
		{E7B4A10D-C028-4F05-8FD0-E30E9129E54E}.Release|Any CPU.ActiveCfg = Release|Any CPU
		{E7B4A10D-C028-4F05-8FD0-E30E9129E54E}.Release|Any CPU.Build.0 = Release|Any CPU
	EndGlobalSection
	GlobalSection(SolutionProperties) = preSolution
		HideSolutionNode = FALSE
	EndGlobalSection
	GlobalSection(ExtensibilityGlobals) = postSolution
		SolutionGuid = {BC1EE2E5-7C83-4269-9A0D-B548EC69F841}
	EndGlobalSection
EndGlobal
